{
  "name": "blog",
  "version": "1.0.0",
  "lockfileVersion": 1,
  "requires": true,
  "dependencies": {
    "argparse": {
      "version": "1.0.10",
      "resolved": "https://registry.npmjs.org/argparse/-/argparse-1.0.10.tgz",
      "integrity": "sha512-o5Roy6tNG4SL/FOkCAN6RzjiakZS25RLYFrcMttJqbdd8BWrnA+fGz57iN5Pb06pvBGvl5gQ0B48dJlslXvoTg==",
      "requires": {
        "sprintf-js": "~1.0.2"
      }
    },
    "esprima": {
      "version": "4.0.1",
      "resolved": "https://registry.npmjs.org/esprima/-/esprima-4.0.1.tgz",
      "integrity": "sha512-eGuFFw7Upda+g4p+QHvnW0RyTX/SVeJBDM/gCtMARO0cLuT2HcEKnTPvhjV6aGeqrCB/sbNop0Kszm0jsaWU4A=="
    },
    "extend-shallow": {
      "version": "2.0.1",
      "resolved": "https://registry.npmjs.org/extend-shallow/-/extend-shallow-2.0.1.tgz",
      "integrity": "sha1-Ua99YUrZqfYQ6huvu5idaxxWiQ8=",
      "requires": {
        "is-extendable": "^0.1.0"
      }
    },
    "gray-matter": {
      "version": "4.0.2",
      "resolved": "https://registry.npmjs.org/gray-matter/-/gray-matter-4.0.2.tgz",
      "integrity": "sha512-7hB/+LxrOjq/dd8APlK0r24uL/67w7SkYnfwhNFwg/VDIGWGmduTDYf3WNstLW2fbbmRwrDGCVSJ2isuf2+4Hw==",
      "requires": {
        "js-yaml": "^3.11.0",
        "kind-of": "^6.0.2",
        "section-matter": "^1.0.0",
        "strip-bom-string": "^1.0.0"
      }
    },
    "is-extendable": {
      "version": "0.1.1",
      "resolved": "https://registry.npmjs.org/is-extendable/-/is-extendable-0.1.1.tgz",
      "integrity": "sha1-YrEQ4omkcUGOPsNqYX1HLjAd/Ik="
    },
    "js-yaml": {
      "version": "3.13.1",
      "resolved": "https://registry.npmjs.org/js-yaml/-/js-yaml-3.13.1.tgz",
      "integrity": "sha512-YfbcO7jXDdyj0DGxYVSlSeQNHbD7XPWvrVWeVUujrQEoZzWJIRrCPoyk6kL6IAjAG2IolMK4T0hNUe0HOUs5Jw==",
      "requires": {
        "argparse": "^1.0.7",
        "esprima": "^4.0.0"
      }
    },
    "kind-of": {
      "version": "6.0.2",
      "resolved": "https://registry.npmjs.org/kind-of/-/kind-of-6.0.2.tgz",
      "integrity": "sha512-s5kLOcnH0XqDO+FvuaLX8DDjZ18CGFk7VygH40QoKPUQhW4e2rvM0rwUq0t8IQDOwYSeLK01U90OjzBTme2QqA=="
    },
    "markdown-it-container": {
      "version": "2.0.0",
      "resolved": "https://registry.npmjs.org/markdown-it-container/-/markdown-it-container-2.0.0.tgz",
      "integrity": "sha1-ABm0P9Au7+zi8ZYKKJX7qBpARpU="
    },
    "section-matter": {
      "version": "1.0.0",
      "resolved": "https://registry.npmjs.org/section-matter/-/section-matter-1.0.0.tgz",
      "integrity": "sha512-vfD3pmTzGpufjScBh50YHKzEu2lxBWhVEHsNGoEXmCmn2hKGfeNLYMzCJpe8cD7gqX7TJluOVpBkAequ6dgMmA==",
      "requires": {
        "extend-shallow": "^2.0.1",
        "kind-of": "^6.0.0"
      }
    },
    "sprintf-js": {
      "version": "1.0.3",
      "resolved": "https://registry.npmjs.org/sprintf-js/-/sprintf-js-1.0.3.tgz",
      "integrity": "sha1-BOaSb2YolTVPPdAVIDYzuFcpfiw="
    },
    "strip-bom-string": {
      "version": "1.0.0",
      "resolved": "https://registry.npmjs.org/strip-bom-string/-/strip-bom-string-1.0.0.tgz",
      "integrity": "sha1-5SEekiQ2n7uB1jOi8ABE3IztrZI="
    },
    "vue-click-outside": {
      "version": "1.0.7",
      "resolved": "https://registry.npmjs.org/vue-click-outside/-/vue-click-outside-1.0.7.tgz",
      "integrity": "sha1-zdKxYF48SUR4TheU6uShKg9wC9Y="
    },
    "vuepress-plugin-clean-urls": {
      "version": "1.1.1",
      "resolved": "https://registry.npmjs.org/vuepress-plugin-clean-urls/-/vuepress-plugin-clean-urls-1.1.1.tgz",
      "integrity": "sha512-cEDbqme8rPbkSbjz73ONFSKIZkzC8HFRBY7UD/oa1ZC655HYhQo3JMbJgJXeCQjV/vkl7WuPB/QMNlQY20PXjw=="
    },
    "vuepress-plugin-container": {
      "version": "2.1.2",
      "resolved": "https://registry.npmjs.org/vuepress-plugin-container/-/vuepress-plugin-container-2.1.2.tgz",
      "integrity": "sha512-Df5KoIDMYiFg45GTfFw2hIiLGSsjhms4f3ppl2UIBf5nWMxi2lfifcoo8MooMSfxboxRZjoDccqQfu0fypaKrQ==",
      "requires": {
        "markdown-it-container": "^2.0.0"
      }
    },
    "vuepress-theme-yuu": {
      "version": "2.2.0",
      "resolved": "https://registry.npmjs.org/vuepress-theme-yuu/-/vuepress-theme-yuu-2.2.0.tgz",
      "integrity": "sha512-UdyOTrk6DEE+f9LXA6ZxD4cAQg/izGnAt+8ETRLa/G1rlKtJMuMlEfDY/RZox/YrzWp4/+wV3XlU7NCD8o4lgg==",
      "requires": {
        "vue-click-outside": "^1.0.7"
      }
    }
  }
}
